
Microsoft Visual Studio Solution File, Format Version 12.00
# Visual Studio Version 16
VisualStudioVersion = 16.0.31205.134
MinimumVisualStudioVersion = 10.0.40219.1
Project("{8BC9CEB8-8B4A-11D0-8D11-00A0C91BC942}") = "IPL-Management-System", "IPL-Management-System\IPL-Management-System.vcxproj", "{E3218171-AAB4-4AD2-8F0A-3A9D59A5F157}"
EndProject
Global
	GlobalSection(SolutionConfigurationPlatforms) = preSolution
		Debug|x64 = Debug|x64
		Debug|x86 = Debug|x86
		Release|x64 = Release|x64
		Release|x86 = Release|x86
	EndGlobalSection
	GlobalSection(ProjectConfigurationPlatforms) = postSolution
		{E3218171-AAB4-4AD2-8F0A-3A9D59A5F157}.Debug|x64.ActiveCfg = Debug|x64
		{E3218171-AAB4-4AD2-8F0A-3A9D59A5F157}.Debug|x64.Build.0 = Debug|x64
		{E3218171-AAB4-4AD2-8F0A-3A9D59A5F157}.Debug|x86.ActiveCfg = Debug|Win32
		{E3218171-AAB4-4AD2-8F0A-3A9D59A5F157}.Debug|x86.Build.0 = Debug|Win32
		{E3218171-AAB4-4AD2-8F0A-3A9D59A5F157}.Release|x64.ActiveCfg = Release|x64
		{E3218171-AAB4-4AD2-8F0A-3A9D59A5F157}.Release|x64.Build.0 = Release|x64
		{E3218171-AAB4-4AD2-8F0A-3A9D59A5F157}.Release|x86.ActiveCfg = Release|Win32
		{E3218171-AAB4-4AD2-8F0A-3A9D59A5F157}.Release|x86.Build.0 = Release|Win32
	EndGlobalSection
	GlobalSection(SolutionProperties) = preSolution
		HideSolutionNode = FALSE
	EndGlobalSection
	GlobalSection(ExtensibilityGlobals) = postSolution
		SolutionGuid = {195DAB7C-41FA-406F-95BA-7CE9F99706F0}
	EndGlobalSection
EndGlobal
